// !$*UTF8*$!
{
	archiveVersion = 1;
	classes = {
	};
	objectVersion = 56;
	objects = {

/* Begin PBXBuildFile section */
		5E497A9C29B5C0EE009C197D /* AppDelegate.swift in Sources */ = {isa = PBXBuildFile; fileRef = 5E497A9B29B5C0EE009C197D /* AppDelegate.swift */; };
		5E497A9E29B5C0EE009C197D /* SceneDelegate.swift in Sources */ = {isa = PBXBuildFile; fileRef = 5E497A9D29B5C0EE009C197D /* SceneDelegate.swift */; };
		5E497AA029B5C0EE009C197D /* CalculatorViewController.swift in Sources */ = {isa = PBXBuildFile; fileRef = 5E497A9F29B5C0EE009C197D /* CalculatorViewController.swift */; };
		5E497AA329B5C0EE009C197D /* Main.storyboard in Resources */ = {isa = PBXBuildFile; fileRef = 5E497AA129B5C0EE009C197D /* Main.storyboard */; };
		5E497AA529B5C0EF009C197D /* Assets.xcassets in Resources */ = {isa = PBXBuildFile; fileRef = 5E497AA429B5C0EF009C197D /* Assets.xcassets */; };
		5E497AA829B5C0EF009C197D /* LaunchScreen.storyboard in Resources */ = {isa = PBXBuildFile; fileRef = 5E497AA629B5C0EF009C197D /* LaunchScreen.storyboard */; };
		5E497AB029B5F9CD009C197D /* ResultsViewController.swift in Sources */ = {isa = PBXBuildFile; fileRef = 5E497AAF29B5F9CD009C197D /* ResultsViewController.swift */; };
/* End PBXBuildFile section */

/* Begin PBXFileReference section */
		5E497A9829B5C0EE009C197D /* lucky-tipsy.app */ = {isa = PBXFileReference; explicitFileType = wrapper.application; includeInIndex = 0; path = "lucky-tipsy.app"; sourceTree = BUILT_PRODUCTS_DIR; };
		5E497A9B29B5C0EE009C197D /* AppDelegate.swift */ = {isa = PBXFileReference; lastKnownFileType = sourcecode.swift; path = AppDelegate.swift; sourceTree = "<group>"; };
		5E497A9D29B5C0EE009C197D /* SceneDelegate.swift */ = {isa = PBXFileReference; lastKnownFileType = sourcecode.swift; path = SceneDelegate.swift; sourceTree = "<group>"; };
		5E497A9F29B5C0EE009C197D /* CalculatorViewController.swift */ = {isa = PBXFileReference; lastKnownFileType = sourcecode.swift; path = CalculatorViewController.swift; sourceTree = "<group>"; };
		5E497AA229B5C0EE009C197D /* Base */ = {isa = PBXFileReference; lastKnownFileType = file.storyboard; name = Base; path = Base.lproj/Main.storyboard; sourceTree = "<group>"; };
		5E497AA429B5C0EF009C197D /* Assets.xcassets */ = {isa = PBXFileReference; lastKnownFileType = folder.assetcatalog; path = Assets.xcassets; sourceTree = "<group>"; };
		5E497AA729B5C0EF009C197D /* Base */ = {isa = PBXFileReference; lastKnownFileType = file.storyboard; name = Base; path = Base.lproj/LaunchScreen.storyboard; sourceTree = "<group>"; };
		5E497AA929B5C0EF009C197D /* Info.plist */ = {isa = PBXFileReference; lastKnownFileType = text.plist.xml; path = Info.plist; sourceTree = "<group>"; };
		5E497AAF29B5F9CD009C197D /* ResultsViewController.swift */ = {isa = PBXFileReference; lastKnownFileType = sourcecode.swift; path = ResultsViewController.swift; sourceTree = "<group>"; };
/* End PBXFileReference section */

/* Begin PBXFrameworksBuildPhase section */
		5E497A9529B5C0EE009C197D /* Frameworks */ = {
			isa = PBXFrameworksBuildPhase;
			buildActionMask = 2147483647;
			files = (
			);
			runOnlyForDeploymentPostprocessing = 0;
		};
/* End PBXFrameworksBuildPhase section */

/* Begin PBXGroup section */
		5E497A8F29B5C0EE009C197D = {
			isa = PBXGroup;
			children = (
				5E497A9A29B5C0EE009C197D /* lucky-tipsy */,
				5E497A9929B5C0EE009C197D /* Products */,
			);
			sourceTree = "<group>";
		};
		5E497A9929B5C0EE009C197D /* Products */ = {
			isa = PBXGroup;
			children = (
				5E497A9829B5C0EE009C197D /* lucky-tipsy.app */,
			);
			name = Products;
			sourceTree = "<group>";
		};
		5E497A9A29B5C0EE009C197D /* lucky-tipsy */ = {
			isa = PBXGroup;
			children = (
				5E497A9B29B5C0EE009C197D /* AppDelegate.swift */,
				5E497A9D29B5C0EE009C197D /* SceneDelegate.swift */,
				5E497AB229B5FA17009C197D /* Controllers */,
				5E497AA129B5C0EE009C197D /* Main.storyboard */,
				5E497AA429B5C0EF009C197D /* Assets.xcassets */,
				5E497AA629B5C0EF009C197D /* LaunchScreen.storyboard */,
				5E497AA929B5C0EF009C197D /* Info.plist */,
			);
			path = "lucky-tipsy";
			sourceTree = "<group>";
		};
		5E497AB229B5FA17009C197D /* Controllers */ = {
			isa = PBXGroup;
			children = (
				5E497A9F29B5C0EE009C197D /* CalculatorViewController.swift */,
				5E497AAF29B5F9CD009C197D /* ResultsViewController.swift */,
			);
			path = Controllers;
			sourceTree = "<group>";
		};
/* End PBXGroup section */

/* Begin PBXNativeTarget section */
		5E497A9729B5C0EE009C197D /* lucky-tipsy */ = {
			isa = PBXNativeTarget;
			buildConfigurationList = 5E497AAC29B5C0EF009C197D /* Build configuration list for PBXNativeTarget "lucky-tipsy" */;
			buildPhases = (
				5E497A9429B5C0EE009C197D /* Sources */,
				5E497A9529B5C0EE009C197D /* Frameworks */,
				5E497A9629B5C0EE009C197D /* Resources */,
			);
			buildRules = (
			);
			dependencies = (
			);
			name = "lucky-tipsy";
			productName = "lucky-tipsy";
			productReference = 5E497A9829B5C0EE009C197D /* lucky-tipsy.app */;
			productType = "com.apple.product-type.application";
		};
/* End PBXNativeTarget section */

/* Begin PBXProject section */
		5E497A9029B5C0EE009C197D /* Project object */ = {
			isa = PBXProject;
			attributes = {
				BuildIndependentTargetsInParallel = 1;
				LastSwiftUpdateCheck = 1420;
				LastUpgradeCheck = 1420;
				TargetAttributes = {
					5E497A9729B5C0EE009C197D = {
						CreatedOnToolsVersion = 14.2;
					};
				};
			};
			buildConfigurationList = 5E497A9329B5C0EE009C197D /* Build configuration list for PBXProject "lucky-tipsy" */;
			compatibilityVersion = "Xcode 14.0";
			developmentRegion = en;
			hasScannedForEncodings = 0;
			knownRegions = (
				en,
				Base,
			);
			mainGroup = 5E497A8F29B5C0EE009C197D;
			productRefGroup = 5E497A9929B5C0EE009C197D /* Products */;
			projectDirPath = "";
			projectRoot = "";
			targets = (
				5E497A9729B5C0EE009C197D /* lucky-tipsy */,
			);
		};
/* End PBXProject section */

/* Begin PBXResourcesBuildPhase section */
		5E497A9629B5C0EE009C197D /* Resources */ = {
			isa = PBXResourcesBuildPhase;
			buildActionMask = 2147483647;
			files = (
				5E497AA829B5C0EF009C197D /* LaunchScreen.storyboard in Resources */,
				5E497AA529B5C0EF009C197D /* Assets.xcassets in Resources */,
				5E497AA329B5C0EE009C197D /* Main.storyboard in Resources */,
			);
			runOnlyForDeploymentPostprocessing = 0;
		};
/* End PBXResourcesBuildPhase section */

/* Begin PBXSourcesBuildPhase section */
		5E497A9429B5C0EE009C197D /* Sources */ = {
			isa = PBXSourcesBuildPhase;
			buildActionMask = 2147483647;
			files = (
				5E497AA029B5C0EE009C197D /* CalculatorViewController.swift in Sources */,
				5E497A9C29B5C0EE009C197D /* AppDelegate.swift in Sources */,
				5E497A9E29B5C0EE009C197D /* SceneDelegate.swift in Sources */,
				5E497AB029B5F9CD009C197D /* ResultsViewController.swift in Sources */,
			);
			runOnlyForDeploymentPostprocessing = 0;
		};
/* End PBXSourcesBuildPhase section */

/* Begin PBXVariantGroup section */
		5E497AA129B5C0EE009C197D /* Main.storyboard */ = {
			isa = PBXVariantGroup;
			children = (
				5E497AA229B5C0EE009C197D /* Base */,
			);
			name = Main.storyboard;
			sourceTree = "<group>";
		};
		5E497AA629B5C0EF009C197D /* LaunchScreen.storyboard */ = {
			isa = PBXVariantGroup;
			children = (
				5E497AA729B5C0EF009C197D /* Base */,
			);
			name = LaunchScreen.storyboard;
			sourceTree = "<group>";
		};
/* End PBXVariantGroup section */

/* Begin XCBuildConfiguration section */
		5E497AAA29B5C0EF009C197D /* Debug */ = {
			isa = XCBuildConfiguration;
			buildSettings = {
				ALWAYS_SEARCH_USER_PATHS = NO;
				CLANG_ANALYZER_NONNULL = YES;
				CLANG_ANALYZER_NUMBER_OBJECT_CONVERSION = YES_AGGRESSIVE;
				CLANG_CXX_LANGUAGE_STANDARD = "gnu++20";
				CLANG_ENABLE_MODULES = YES;
				CLANG_ENABLE_OBJC_ARC = YES;
				CLANG_ENABLE_OBJC_WEAK = YES;
				CLANG_WARN_BLOCK_CAPTURE_AUTORELEASING = YES;
				CLANG_WARN_BOOL_CONVERSION = YES;
				CLANG_WARN_COMMA = YES;
				CLANG_WARN_CONSTANT_CONVERSION = YES;
				CLANG_WARN_DEPRECATED_OBJC_IMPLEMENTATIONS = YES;
				CLANG_WARN_DIRECT_OBJC_ISA_USAGE = YES_ERROR;
				CLANG_WARN_DOCUMENTATION_COMMENTS = YES;
				CLANG_WARN_EMPTY_BODY = YES;
				CLANG_WARN_ENUM_CONVERSION = YES;
				CLANG_WARN_INFINITE_RECURSION = YES;
				CLANG_WARN_INT_CONVERSION = YES;
				CLANG_WARN_NON_LITERAL_NULL_CONVERSION = YES;
				CLANG_WARN_OBJC_IMPLICIT_RETAIN_SELF = YES;
				CLANG_WARN_OBJC_LITERAL_CONVERSION = YES;
				CLANG_WARN_OBJC_ROOT_CLASS = YES_ERROR;
				CLANG_WARN_QUOTED_INCLUDE_IN_FRAMEWORK_HEADER = YES;
				CLANG_WARN_RANGE_LOOP_ANALYSIS = YES;
				CLANG_WARN_STRICT_PROTOTYPES = YES;
				CLANG_WARN_SUSPICIOUS_MOVE = YES;
				CLANG_WARN_UNGUARDED_AVAILABILITY = YES_AGGRESSIVE;
				CLANG_WARN_UNREACHABLE_CODE = YES;
				CLANG_WARN__DUPLICATE_METHOD_MATCH = YES;
				COPY_PHASE_STRIP = NO;
				DEBUG_INFORMATION_FORMAT = dwarf;
				ENABLE_STRICT_OBJC_MSGSEND = YES;
				ENABLE_TESTABILITY = YES;
				GCC_C_LANGUAGE_STANDARD = gnu11;
				GCC_DYNAMIC_NO_PIC = NO;
				GCC_NO_COMMON_BLOCKS = YES;
				GCC_OPTIMIZATION_LEVEL = 0;
				GCC_PREPROCESSOR_DEFINITIONS = (
					"DEBUG=1",
					"$(inherited)",
				);
				GCC_WARN_64_TO_32_BIT_CONVERSION = YES;
				GCC_WARN_ABOUT_RETURN_TYPE = YES_ERROR;
				GCC_WARN_UNDECLARED_SELECTOR = YES;
				GCC_WARN_UNINITIALIZED_AUTOS = YES_AGGRESSIVE;
				GCC_WARN_UNUSED_FUNCTION = YES;
				GCC_WARN_UNUSED_VARIABLE = YES;
				IPHONEOS_DEPLOYMENT_TARGET = 16.2;
				MTL_ENABLE_DEBUG_INFO = INCLUDE_SOURCE;
				MTL_FAST_MATH = YES;
				ONLY_ACTIVE_ARCH = YES;
				SDKROOT = iphoneos;
				SWIFT_ACTIVE_COMPILATION_CONDITIONS = DEBUG;
				SWIFT_OPTIMIZATION_LEVEL = "-Onone";
			};
			name = Debug;
		};
		5E497AAB29B5C0EF009C197D /* Release */ = {
			isa = XCBuildConfiguration;
			buildSettings = {
				ALWAYS_SEARCH_USER_PATHS = NO;
				CLANG_ANALYZER_NONNULL = YES;
				CLANG_ANALYZER_NUMBER_OBJECT_CONVERSION = YES_AGGRESSIVE;
				CLANG_CXX_LANGUAGE_STANDARD = "gnu++20";
				CLANG_ENABLE_MODULES = YES;
				CLANG_ENABLE_OBJC_ARC = YES;
				CLANG_ENABLE_OBJC_WEAK = YES;
				CLANG_WARN_BLOCK_CAPTURE_AUTORELEASING = YES;
				CLANG_WARN_BOOL_CONVERSION = YES;
				CLANG_WARN_COMMA = YES;
				CLANG_WARN_CONSTANT_CONVERSION = YES;
				CLANG_WARN_DEPRECATED_OBJC_IMPLEMENTATIONS = YES;
				CLANG_WARN_DIRECT_OBJC_ISA_USAGE = YES_ERROR;
				CLANG_WARN_DOCUMENTATION_COMMENTS = YES;
				CLANG_WARN_EMPTY_BODY = YES;
				CLANG_WARN_ENUM_CONVERSION = YES;
				CLANG_WARN_INFINITE_RECURSION = YES;
				CLANG_WARN_INT_CONVERSION = YES;
				CLANG_WARN_NON_LITERAL_NULL_CONVERSION = YES;
				CLANG_WARN_OBJC_IMPLICIT_RETAIN_SELF = YES;
				CLANG_WARN_OBJC_LITERAL_CONVERSION = YES;
				CLANG_WARN_OBJC_ROOT_CLASS = YES_ERROR;
				CLANG_WARN_QUOTED_INCLUDE_IN_FRAMEWORK_HEADER = YES;
				CLANG_WARN_RANGE_LOOP_ANALYSIS = YES;
				CLANG_WARN_STRICT_PROTOTYPES = YES;
				CLANG_WARN_SUSPICIOUS_MOVE = YES;
				CLANG_WARN_UNGUARDED_AVAILABILITY = YES_AGGRESSIVE;
				CLANG_WARN_UNREACHABLE_CODE = YES;
				CLANG_WARN__DUPLICATE_METHOD_MATCH = YES;
				COPY_PHASE_STRIP = NO;
				DEBUG_INFORMATION_FORMAT = "dwarf-with-dsym";
				ENABLE_NS_ASSERTIONS = NO;
				ENABLE_STRICT_OBJC_MSGSEND = YES;
				GCC_C_LANGUAGE_STANDARD = gnu11;
				GCC_NO_COMMON_BLOCKS = YES;
				GCC_WARN_64_TO_32_BIT_CONVERSION = YES;
				GCC_WARN_ABOUT_RETURN_TYPE = YES_ERROR;
				GCC_WARN_UNDECLARED_SELECTOR = YES;
				GCC_WARN_UNINITIALIZED_AUTOS = YES_AGGRESSIVE;
				GCC_WARN_UNUSED_FUNCTION = YES;
				GCC_WARN_UNUSED_VARIABLE = YES;
				IPHONEOS_DEPLOYMENT_TARGET = 16.2;
				MTL_ENABLE_DEBUG_INFO = NO;
				MTL_FAST_MATH = YES;
				SDKROOT = iphoneos;
				SWIFT_COMPILATION_MODE = wholemodule;
				SWIFT_OPTIMIZATION_LEVEL = "-O";
				VALIDATE_PRODUCT = YES;
			};
			name = Release;
		};
		5E497AAD29B5C0EF009C197D /* Debug */ = {
			isa = XCBuildConfiguration;
			buildSettings = {
				ASSETCATALOG_COMPILER_APPICON_NAME = AppIcon;
				ASSETCATALOG_COMPILER_GLOBAL_ACCENT_COLOR_NAME = AccentColor;
				CODE_SIGN_STYLE = Automatic;
				CURRENT_PROJECT_VERSION = 1;
				DEVELOPMENT_TEAM = 7BJW27ANDY;
				GENERATE_INFOPLIST_FILE = YES;
				INFOPLIST_FILE = "lucky-tipsy/Info.plist";
				INFOPLIST_KEY_UIApplicationSupportsIndirectInputEvents = YES;
				INFOPLIST_KEY_UILaunchStoryboardName = LaunchScreen;
				INFOPLIST_KEY_UIMainStoryboardFile = Main;
				INFOPLIST_KEY_UISupportedInterfaceOrientations_iPad = "UIInterfaceOrientationPortrait UIInterfaceOrientationPortraitUpsideDown UIInterfaceOrientationLandscapeLeft UIInterfaceOrientationLandscapeRight";
				INFOPLIST_KEY_UISupportedInterfaceOrientations_iPhone = "UIInterfaceOrientationPortrait UIInterfaceOrientationLandscapeLeft UIInterfaceOrientationLandscapeRight";
				LD_RUNPATH_SEARCH_PATHS = (
					"$(inherited)",
					"@executable_path/Frameworks",
				);
				MARKETING_VERSION = 1.0;
				PRODUCT_BUNDLE_IDENTIFIER = "kz.sd.lucky-tipsy";
				PRODUCT_NAME = "$(TARGET_NAME)";
				SWIFT_EMIT_LOC_STRINGS = YES;
				SWIFT_VERSION = 5.0;
				TARGETED_DEVICE_FAMILY = "1,2";
			};
			name = Debug;
		};
		5E497AAE29B5C0EF009C197D /* Release */ = {
			isa = XCBuildConfiguration;
			buildSettings = {
				ASSETCATALOG_COMPILER_APPICON_NAME = AppIcon;
				ASSETCATALOG_COMPILER_GLOBAL_ACCENT_COLOR_NAME = AccentColor;
				CODE_SIGN_STYLE = Automatic;
				CURRENT_PROJECT_VERSION = 1;
				DEVELOPMENT_TEAM = 7BJW27ANDY;
				GENERATE_INFOPLIST_FILE = YES;
				INFOPLIST_FILE = "lucky-tipsy/Info.plist";
				INFOPLIST_KEY_UIApplicationSupportsIndirectInputEvents = YES;
				INFOPLIST_KEY_UILaunchStoryboardName = LaunchScreen;
				INFOPLIST_KEY_UIMainStoryboardFile = Main;
				INFOPLIST_KEY_UISupportedInterfaceOrientations_iPad = "UIInterfaceOrientationPortrait UIInterfaceOrientationPortraitUpsideDown UIInterfaceOrientationLandscapeLeft UIInterfaceOrientationLandscapeRight";
				INFOPLIST_KEY_UISupportedInterfaceOrientations_iPhone = "UIInterfaceOrientationPortrait UIInterfaceOrientationLandscapeLeft UIInterfaceOrientationLandscapeRight";
				LD_RUNPATH_SEARCH_PATHS = (
					"$(inherited)",
					"@executable_path/Frameworks",
				);
				MARKETING_VERSION = 1.0;
				PRODUCT_BUNDLE_IDENTIFIER = "kz.sd.lucky-tipsy";
				PRODUCT_NAME = "$(TARGET_NAME)";
				SWIFT_EMIT_LOC_STRINGS = YES;
				SWIFT_VERSION = 5.0;
				TARGETED_DEVICE_FAMILY = "1,2";
			};
			name = Release;
		};
/* End XCBuildConfiguration section */

/* Begin XCConfigurationList section */
		5E497A9329B5C0EE009C197D /* Build configuration list for PBXProject "lucky-tipsy" */ = {
			isa = XCConfigurationList;
			buildConfigurations = (
				5E497AAA29B5C0EF009C197D /* Debug */,
				5E497AAB29B5C0EF009C197D /* Release */,
			);
			defaultConfigurationIsVisible = 0;
			defaultConfigurationName = Release;
		};
		5E497AAC29B5C0EF009C197D /* Build configuration list for PBXNativeTarget "lucky-tipsy" */ = {
			isa = XCConfigurationList;
			buildConfigurations = (
				5E497AAD29B5C0EF009C197D /* Debug */,
				5E497AAE29B5C0EF009C197D /* Release */,
			);
			defaultConfigurationIsVisible = 0;
			defaultConfigurationName = Release;
		};
/* End XCConfigurationList section */
	};
	rootObject = 5E497A9029B5C0EE009C197D /* Project object */;
}
